dependencies:
- name: elasticsearch
  repository: https://registry.molgenis.org/repository/helm/
  version: 7.2.0
- name: kibana
  repository: https://registry.molgenis.org/repository/helm/
  version: 7.2.0
digest: sha256:8dd73322443df60715fe0035c05bac8c7af896d82173940bba1e19b150b83ad0
generated: "2019-07-11T16:11:11.380924+02:00"
