dependencies:
- name: elasticsearch
  repository: https://helm.elastic.co
  version: 7.5.2
- name: kibana
  repository: https://helm.elastic.co
  version: 7.5.2
- name: elasticsearch-curator
  repository: https://kubernetes-charts.storage.googleapis.com/
  version: 2.2.1
digest: sha256:f708922580a5a20176f34c5f18be6472981c8c8ff375175972ac2da983f96c62
generated: "2020-09-28T10:01:38.385023+02:00"
