dependencies:
- name: minio
  repository: https://helm.min.io
  version: 7.2.1
- name: molgenis-rserve
  repository: https://registry.molgenis.org/repository/helm
  version: 0.1.2
- name: molgenis-auth
  repository: https://registry.molgenis.org/repository/helm
  version: 0.1.1
digest: sha256:7f4174b34d0297c3890349d2a3e0591e25ce2e7b914790d48fca0297ed8aa77d
generated: "2022-09-27T11:32:01.045378+02:00"
