dependencies:
- name: minio
  repository: https://kubernetes-charts.storage.googleapis.com
  version: 5.0.12
- name: molgenis-rserve
  repository: https://registry.molgenis.org/repository/helm
  version: 0.1.2
digest: sha256:267a70aba6dd4387d4d19dbc169b63ca1a3f3926f2b5811b564707fe79f59a9d
generated: "2020-10-28T00:30:36.357308+01:00"
