dependencies:
- name: minio
  repository: https://helm.min.io
  version: 7.2.1
- name: molgenis-rserve
  repository: https://registry.molgenis.org/repository/helm
  version: 0.1.2
- name: molgenis-auth
  repository: https://registry.molgenis.org/repository/helm
  version: 0.2.0
digest: sha256:feec20a4342e324a3f17e9a4a37edbe5994e61f8ed73da0933ae0853b416fcd5
generated: "2021-03-03T19:13:10.639091+01:00"
