dependencies:
- name: prometheus
  repository: https://prometheus-community.github.io/helm-charts
  version: 19.0.2
- name: prometheus-blackbox-exporter
  repository: https://prometheus-community.github.io/helm-charts
  version: 7.5.0
digest: sha256:4fa3d5679ae798bfd412c11db496dd461cdf5869f59074aa17b7649838cebc89
generated: "2023-02-17T13:38:37.612569+01:00"
