dependencies:
- name: prometheus
  repository: https://kubernetes-charts.storage.googleapis.com/
  version: 8.3.0
- name: grafana
  repository: https://kubernetes-charts.storage.googleapis.com/
  version: 1.21.2
digest: sha256:b0430356af99f7744cc8973645480bd235dca2f83ba33940a9f68c5fe10e07de
generated: 2018-12-21T07:40:30.827933825+01:00
