dependencies:
- name: molgenis
  repository: https://registry.molgenis.org/repository/helm
  version: 1.16.2
- name: lifelines-edge
  repository: https://registry.molgenis.org/repository/helm
  version: 2.0.0
- name: vue-pdfium
  repository: https://registry.molgenis.org/repository/helm
  version: 0.1.0
digest: sha256:bb05d48dc5e3fbd596c6dc7242f112fd4148c3d2d36257b305811d80b20d192b
generated: "2021-12-12T19:16:27.446219+01:00"
