dependencies:
- name: molgenis
  repository: https://registry.molgenis.org/repository/helm
  version: 1.12.3
- name: lifelines-edge
  repository: https://registry.molgenis.org/repository/helm
  version: 2.0.0
- name: vue-pdfium
  repository: https://registry.molgenis.org/repository/helm
  version: 0.1.0
digest: sha256:a2b6f70c6612c7d88533b634bee2586043d5f017aacb5bbd6dcda9c6900e6796
generated: "2021-03-23T12:20:41.739801+01:00"
