dependencies:
- name: fusionauth
  repository: https://fusionauth.github.io/charts
  version: 0.4.2
- name: postgresql
  repository: https://charts.bitnami.com/bitnami
  version: 8.10.5
- name: elasticsearch
  repository: https://helm.elastic.co
  version: 7.7.1
digest: sha256:eeb920951afdac3e9b7cd71e0f9d23acd1f2072c338ad6bc000ed06ac42b81c4
generated: "2020-06-17T14:53:25.509307+02:00"
