dependencies:
- name: fusionauth
  repository: https://fusionauth.github.io/charts
  version: 0.5.0
- name: postgresql
  repository: https://charts.bitnami.com/bitnami
  version: 8.10.5
- name: elasticsearch
  repository: https://helm.elastic.co
  version: 7.7.1
digest: sha256:d50796c631c9d50db2c061fa44c38afc5af9d98f4533c9316a8c3500f56e7966
generated: "2021-01-22T14:52:20.493707+01:00"
