dependencies:
- name: fusionauth
  repository: https://fusionauth.github.io/charts
  version: 0.4.9
- name: postgresql
  repository: https://charts.bitnami.com/bitnami
  version: 8.10.5
- name: elasticsearch
  repository: https://helm.elastic.co
  version: 7.7.1
digest: sha256:63b8b66d897e975da0d266144438188fc4ac7309bace28b5c484285a8255390b
generated: "2020-08-31T15:37:52.189592+02:00"
