dependencies:
- name: molgenis-elasticsearch
  repository: https://registry.molgenis.org/repository/helm
  version: 2.1.1
- name: molgenis-frontend
  repository: https://registry.molgenis.org/repository/helm
  version: 1.7.0
- name: postgresql
  repository: https://charts.helm.sh/stable
  version: 8.1.2
- name: minio
  repository: https://helm.min.io/
  version: 8.0.10
digest: sha256:e5f02d76ddfc33fa36ca7a51b3d946697a811c286c5322e57e141a7f93041bcb
generated: "2022-10-10T14:39:10.223537+02:00"
