dependencies:
- name: molgenis-elasticsearch
  repository: https://registry.molgenis.org/repository/helm
  version: 2.0.2
- name: molgenis-frontend
  repository: https://registry.molgenis.org/repository/helm
  version: 1.6.0
- name: postgresql
  repository: https://charts.helm.sh/stable
  version: 8.1.2
- name: minio
  repository: https://helm.min.io/
  version: 8.0.10
digest: sha256:6dafbbab7f568ace3ec3dda1832627dba46cfe7871aa5b1430b62a60906fa0f0
generated: "2021-06-01T15:31:44.200413+02:00"
