dependencies:
- name: molgenis-elasticsearch
  repository: https://registry.molgenis.org/repository/helm
  version: 0.1.1
- name: postgresql
  repository: https://kubernetes-charts.storage.googleapis.com
  version: 3.3.0
- name: minio
  repository: https://kubernetes-charts.storage.googleapis.com
  version: 2.4.0
digest: sha256:63db6cd7c7fcdeff3c9c3a76594ccb1f2808c3dcf4614c18e03e136d1a608805
generated: 2019-01-28T13:42:31.712185514+01:00
