dependencies:
- name: molgenis-elasticsearch
  repository: https://registry.molgenis.org/repository/helm
  version: 1.0.0
- name: molgenis-frontend
  repository: https://registry.molgenis.org/repository/helm
  version: 1.1.0
- name: postgresql
  repository: https://kubernetes-charts.storage.googleapis.com
  version: 5.2.1
- name: minio
  repository: https://kubernetes-charts.storage.googleapis.com
  version: 2.4.3
digest: sha256:4572807f54672bd4464102b8866fc591d33c3780b131d79c1ee370cb38833efb
generated: 2019-07-16T22:09:32.14301297+02:00
